
Microsoft Visual Studio Solution File, Format Version 12.00
Project("{FAE04EC0-301F-11D3-BF4B-00C04F79EFBC}") = "PersonalBlog", "PersonalBlog\PersonalBlog.csproj", "{324B13E5-EA65-4546-95D4-9D32675F403E}"
EndProject
Global
	GlobalSection(SolutionConfigurationPlatforms) = preSolution
		Debug|Any CPU = Debug|Any CPU
		Release|Any CPU = Release|Any CPU
	EndGlobalSection
	GlobalSection(ProjectConfigurationPlatforms) = postSolution
		{324B13E5-EA65-4546-95D4-9D32675F403E}.Debug|Any CPU.ActiveCfg = Debug|Any CPU
		{324B13E5-EA65-4546-95D4-9D32675F403E}.Debug|Any CPU.Build.0 = Debug|Any CPU
		{324B13E5-EA65-4546-95D4-9D32675F403E}.Release|Any CPU.ActiveCfg = Release|Any CPU
		{324B13E5-EA65-4546-95D4-9D32675F403E}.Release|Any CPU.Build.0 = Release|Any CPU
	EndGlobalSection
EndGlobal
